{
  "version": "3",
  "remote": {
    "https://cdn.skypack.dev/-/assertion-error@v1.1.0-kNvqltoxcdROsufUrL09/dist=es2019,mode=imports/optimized/assertion-error.js": "fb392c145699a7beacbabe94b21ee5d0219707929450fffbb18eb83b8318c818",
    "https://cdn.skypack.dev/-/chai@v4.3.4-4LD1LjgHWVQjvyMFe7sm/dist=es2019,mode=imports/optimized/chai.js": "2d517f26a740a2c43a158c510ba0c97b1743f1825022583234f7f3b8ec6b7599",
    "https://cdn.skypack.dev/-/check-error@v1.0.2-pv7N1FcwI8awT920b4E0/dist=es2019,mode=imports/optimized/check-error.js": "c00358ede04680f37b081564d88b9457e9812bb3c5c7effc90acb090f3bd73f4",
    "https://cdn.skypack.dev/-/deep-eql@v3.0.1-EVT6yn6LFH7vvQx4YnOu/dist=es2019,mode=imports/optimized/deep-eql.js": "e8a3877f0ee43db99f1b903a8b527c57827fe2753a0f0fd560563aa2e435a0d3",
    "https://cdn.skypack.dev/-/get-func-name@v2.0.0-scW92yE6OFNJbvjxk2uF/dist=es2019,mode=imports/optimized/get-func-name.js": "8926a16a678d5ca12cae705fa8a5be600aaf5355e601d34575f1bd9af64a170c",
    "https://cdn.skypack.dev/-/pathval@v1.1.1-4hf44tKt2vdiXpyywiwN/dist=es2019,mode=imports/optimized/pathval.js": "778f821f97d08e946a894e3b94635a63121d8bd5000aeb3d00785318d5ed32de",
    "https://cdn.skypack.dev/-/type-detect@v4.0.8-3tmjjwwFw2jHiLYy7SbM/dist=es2019,mode=imports/optimized/type-detect.js": "eb7ac639d3de6a0b64aaf9032a5b01ab79afb7c768cc02c07956613ecbd0bd32",
    "https://cdn.skypack.dev/chai@4.3.4?dts": "19489c45018b0bcfb63455624ade9adf84e2a3c99a08379160d90763ba7e3f41",
    "https://deno.land/std@0.204.0/testing/_test_suite.ts": "30f018feeb3835f12ab198d8a518f9089b1bcb2e8c838a8b615ab10d5005465c",
    "https://deno.land/std@0.204.0/testing/bdd.ts": "3f446df5ef8e856a869e8eec54c8482590415741ff0b6358a00c43486cc15769",
    "https://deno.land/std@0.208.0/assert/assert.ts": "9a97dad6d98c238938e7540736b826440ad8c1c1e54430ca4c4e623e585607ee",
    "https://deno.land/std@0.208.0/assert/assertion_error.ts": "4d0bde9b374dfbcbe8ac23f54f567b77024fb67dbb1906a852d67fe050d42f56",
    "https://deno.land/std@0.208.0/bytes/copy.ts": "939d89e302a9761dcf1d9c937c7711174ed74c59eef40a1e4569a05c9de88219",
    "https://deno.land/std@0.208.0/fmt/colors.ts": "34b3f77432925eb72cf0bfb351616949746768620b8e5ead66da532f93d10ba2",
    "https://deno.land/std@0.208.0/fs/exists.ts": "cb59a853d84871d87acab0e7936a4dac11282957f8e195102c5a7acb42546bb8",
    "https://deno.land/std@0.208.0/io/buf_writer.ts": "599247add52c1f42c3674366d5783a25c69ceb7277b0694cc854d49f5710e77f",
    "https://deno.land/std@0.208.0/log/handlers.ts": "3a0883f65567f59a9a88e44c972b24b924621bc28ead91af11d7a6da93c4a64c",
    "https://deno.land/std@0.208.0/log/levels.ts": "6309147664e9e008cd6671610f2505c4c95f181f6bae4816a84b33e0aec66859",
    "https://deno.land/std@0.208.0/log/logger.ts": "180c50a07c43a556dc5794e913c82946399e89d683201d01c8f0091e1e4ae3fc",
    "https://deno.land/std@0.208.0/log/mod.ts": "a274d2129c8d08d4c96e0fb165a595e6c730b5130b437a9ce04364156bfe955a",
    "https://deno.land/std@0.209.0/dotenv/mod.ts": "55d51d0c244da70e10ccbbdb68644064ce19c8af1683289d16ac802ceef64c8c",
    "https://deno.land/std@0.209.0/dotenv/parse.ts": "d76ff5a59bd7c374a40249dc28bd15c740da0428559c838b1ea5644f561bff20",
    "https://deno.land/std@0.209.0/dotenv/stringify.ts": "a54d044b744eba5605bcf927eaa5ac91021ee971e85b618edda66a72eff889c8"
  }
}
